
Microsoft Visual Studio Solution File, Format Version 12.00
# Visual Studio 15
VisualStudioVersion = 15.0.27130.2027
MinimumVisualStudioVersion = 10.0.40219.1
Project("{FAE04EC0-301F-11D3-BF4B-00C04F79EFBC}") = "DreamCube.Foundation.Basic", "Foundation\Foundation.Basic\DreamCube.Foundation.Basic.csproj", "{203C8B6E-0D5D-4BD9-983E-4B7BBA048567}"
EndProject
Project("{2150E333-8FDC-42A3-9474-1A3956D46DE8}") = "Foundation", "Foundation", "{34268316-47CC-4968-9557-88EFE0148E7E}"
EndProject
Project("{FAE04EC0-301F-11D3-BF4B-00C04F79EFBC}") = "DreamCube.Foundation.LogService", "Foundation\Foundation.LogService\DreamCube.Foundation.LogService.csproj", "{89B28A67-63A3-4985-AE3E-9D2E0F4C1830}"
EndProject
Project("{FAE04EC0-301F-11D3-BF4B-00C04F79EFBC}") = "DreamCube.Foundation.LogService.Test", "Foundation\Foundation.LogService.Test\DreamCube.Foundation.LogService.Test.csproj", "{7D197464-7FA8-4929-9B3E-A13F143FECB1}"
EndProject
Project("{FAE04EC0-301F-11D3-BF4B-00C04F79EFBC}") = "DreamCube.Foundation.TraceService", "Foundation\Foundation.TraceService\DreamCube.Foundation.TraceService.csproj", "{FE59C574-8B97-471A-AF5E-B07435BB7588}"
EndProject
Project("{FAE04EC0-301F-11D3-BF4B-00C04F79EFBC}") = "DreamCube.Foundation.Office", "Foundation\Foundation.Office\DreamCube.Foundation.Office.csproj", "{D3E79E29-0F6A-4E99-A2AF-96E59B222D9A}"
EndProject
Project("{2150E333-8FDC-42A3-9474-1A3956D46DE8}") = "APP", "APP", "{F91F36EB-826C-4265-9DB9-15BB3E40D95C}"
EndProject
Project("{FAE04EC0-301F-11D3-BF4B-00C04F79EFBC}") = "Test", "APP\Test\Test.csproj", "{282E3580-1A6C-4DCA-8902-7390796F7DD6}"
EndProject
Project("{FAE04EC0-301F-11D3-BF4B-00C04F79EFBC}") = "DreamCube.Foundation.IOC", "Foundation\DreamCube.Foundation.IOC\DreamCube.Foundation.IOC.csproj", "{703560AB-4894-42A1-9EF5-3B7652091196}"
EndProject
Project("{2150E333-8FDC-42A3-9474-1A3956D46DE8}") = "Framework", "Framework", "{786D709C-A09E-4208-8E3C-676E3A01B95C}"
EndProject
Project("{2150E333-8FDC-42A3-9474-1A3956D46DE8}") = "DataAccess", "DataAccess", "{D75CF585-2D38-4717-A0CD-B25EA02A7686}"
EndProject
Project("{FAE04EC0-301F-11D3-BF4B-00C04F79EFBC}") = "Framework.DataAccess.Access", "Framework\DataAccess\Framework.DataAccess.Access\Framework.DataAccess.Access.csproj", "{CA02FE4F-8F5E-4EB5-8EF5-9C9B7F95B189}"
EndProject
Project("{FAE04EC0-301F-11D3-BF4B-00C04F79EFBC}") = "Framework.DataAccess.Basic", "Framework\DataAccess\Framework.DataAccess.Basic\Framework.DataAccess.Basic.csproj", "{D3613952-49B3-4B61-B0A2-65E050AD24CD}"
EndProject
Project("{FAE04EC0-301F-11D3-BF4B-00C04F79EFBC}") = "Framework.DataAccess.Oracle", "Framework\DataAccess\Framework.DataAccess.Oracle\Framework.DataAccess.Oracle.csproj", "{A8C2D50E-0B90-47CE-BA79-679152A63914}"
EndProject
Global
	GlobalSection(SolutionConfigurationPlatforms) = preSolution
		Debug|Any CPU = Debug|Any CPU
		NET20_Debug|Any CPU = NET20_Debug|Any CPU
		NET20_Release|Any CPU = NET20_Release|Any CPU
		NET20|Any CPU = NET20|Any CPU
		NET40_Debug|Any CPU = NET40_Debug|Any CPU
		NET40_Release|Any CPU = NET40_Release|Any CPU
		NET40|Any CPU = NET40|Any CPU
		Release|Any CPU = Release|Any CPU
	EndGlobalSection
	GlobalSection(ProjectConfigurationPlatforms) = postSolution
		{203C8B6E-0D5D-4BD9-983E-4B7BBA048567}.Debug|Any CPU.ActiveCfg = NET40_Debug|Any CPU
		{203C8B6E-0D5D-4BD9-983E-4B7BBA048567}.Debug|Any CPU.Build.0 = NET40_Debug|Any CPU
		{203C8B6E-0D5D-4BD9-983E-4B7BBA048567}.NET20_Debug|Any CPU.ActiveCfg = NET20_Debug|Any CPU
		{203C8B6E-0D5D-4BD9-983E-4B7BBA048567}.NET20_Debug|Any CPU.Build.0 = NET20_Debug|Any CPU
		{203C8B6E-0D5D-4BD9-983E-4B7BBA048567}.NET20_Release|Any CPU.ActiveCfg = NET20_Release|Any CPU
		{203C8B6E-0D5D-4BD9-983E-4B7BBA048567}.NET20_Release|Any CPU.Build.0 = NET20_Release|Any CPU
		{203C8B6E-0D5D-4BD9-983E-4B7BBA048567}.NET20|Any CPU.ActiveCfg = NET20_Release|Any CPU
		{203C8B6E-0D5D-4BD9-983E-4B7BBA048567}.NET20|Any CPU.Build.0 = NET20_Release|Any CPU
		{203C8B6E-0D5D-4BD9-983E-4B7BBA048567}.NET40_Debug|Any CPU.ActiveCfg = NET40_Debug|Any CPU
		{203C8B6E-0D5D-4BD9-983E-4B7BBA048567}.NET40_Debug|Any CPU.Build.0 = NET40_Debug|Any CPU
		{203C8B6E-0D5D-4BD9-983E-4B7BBA048567}.NET40_Release|Any CPU.ActiveCfg = NET40_Release|Any CPU
		{203C8B6E-0D5D-4BD9-983E-4B7BBA048567}.NET40_Release|Any CPU.Build.0 = NET40_Release|Any CPU
		{203C8B6E-0D5D-4BD9-983E-4B7BBA048567}.NET40|Any CPU.ActiveCfg = NET40_Release|Any CPU
		{203C8B6E-0D5D-4BD9-983E-4B7BBA048567}.NET40|Any CPU.Build.0 = NET40_Release|Any CPU
		{203C8B6E-0D5D-4BD9-983E-4B7BBA048567}.Release|Any CPU.ActiveCfg = NET40_Release|Any CPU
		{203C8B6E-0D5D-4BD9-983E-4B7BBA048567}.Release|Any CPU.Build.0 = NET40_Release|Any CPU
		{89B28A67-63A3-4985-AE3E-9D2E0F4C1830}.Debug|Any CPU.ActiveCfg = Debug|Any CPU
		{89B28A67-63A3-4985-AE3E-9D2E0F4C1830}.Debug|Any CPU.Build.0 = Debug|Any CPU
		{89B28A67-63A3-4985-AE3E-9D2E0F4C1830}.NET20_Debug|Any CPU.ActiveCfg = Debug|Any CPU
		{89B28A67-63A3-4985-AE3E-9D2E0F4C1830}.NET20_Debug|Any CPU.Build.0 = Debug|Any CPU
		{89B28A67-63A3-4985-AE3E-9D2E0F4C1830}.NET20_Release|Any CPU.ActiveCfg = Release|Any CPU
		{89B28A67-63A3-4985-AE3E-9D2E0F4C1830}.NET20_Release|Any CPU.Build.0 = Release|Any CPU
		{89B28A67-63A3-4985-AE3E-9D2E0F4C1830}.NET20|Any CPU.ActiveCfg = Release|Any CPU
		{89B28A67-63A3-4985-AE3E-9D2E0F4C1830}.NET20|Any CPU.Build.0 = Release|Any CPU
		{89B28A67-63A3-4985-AE3E-9D2E0F4C1830}.NET40_Debug|Any CPU.ActiveCfg = Debug|Any CPU
		{89B28A67-63A3-4985-AE3E-9D2E0F4C1830}.NET40_Debug|Any CPU.Build.0 = Debug|Any CPU
		{89B28A67-63A3-4985-AE3E-9D2E0F4C1830}.NET40_Release|Any CPU.ActiveCfg = Release|Any CPU
		{89B28A67-63A3-4985-AE3E-9D2E0F4C1830}.NET40_Release|Any CPU.Build.0 = Release|Any CPU
		{89B28A67-63A3-4985-AE3E-9D2E0F4C1830}.NET40|Any CPU.ActiveCfg = Release|Any CPU
		{89B28A67-63A3-4985-AE3E-9D2E0F4C1830}.NET40|Any CPU.Build.0 = Release|Any CPU
		{89B28A67-63A3-4985-AE3E-9D2E0F4C1830}.Release|Any CPU.ActiveCfg = Release|Any CPU
		{89B28A67-63A3-4985-AE3E-9D2E0F4C1830}.Release|Any CPU.Build.0 = Release|Any CPU
		{7D197464-7FA8-4929-9B3E-A13F143FECB1}.Debug|Any CPU.ActiveCfg = Debug|Any CPU
		{7D197464-7FA8-4929-9B3E-A13F143FECB1}.Debug|Any CPU.Build.0 = Debug|Any CPU
		{7D197464-7FA8-4929-9B3E-A13F143FECB1}.NET20_Debug|Any CPU.ActiveCfg = Debug|Any CPU
		{7D197464-7FA8-4929-9B3E-A13F143FECB1}.NET20_Debug|Any CPU.Build.0 = Debug|Any CPU
		{7D197464-7FA8-4929-9B3E-A13F143FECB1}.NET20_Release|Any CPU.ActiveCfg = Release|Any CPU
		{7D197464-7FA8-4929-9B3E-A13F143FECB1}.NET20_Release|Any CPU.Build.0 = Release|Any CPU
		{7D197464-7FA8-4929-9B3E-A13F143FECB1}.NET20|Any CPU.ActiveCfg = Release|Any CPU
		{7D197464-7FA8-4929-9B3E-A13F143FECB1}.NET20|Any CPU.Build.0 = Release|Any CPU
		{7D197464-7FA8-4929-9B3E-A13F143FECB1}.NET40_Debug|Any CPU.ActiveCfg = Debug|Any CPU
		{7D197464-7FA8-4929-9B3E-A13F143FECB1}.NET40_Debug|Any CPU.Build.0 = Debug|Any CPU
		{7D197464-7FA8-4929-9B3E-A13F143FECB1}.NET40_Release|Any CPU.ActiveCfg = Release|Any CPU
		{7D197464-7FA8-4929-9B3E-A13F143FECB1}.NET40_Release|Any CPU.Build.0 = Release|Any CPU
		{7D197464-7FA8-4929-9B3E-A13F143FECB1}.NET40|Any CPU.ActiveCfg = Release|Any CPU
		{7D197464-7FA8-4929-9B3E-A13F143FECB1}.NET40|Any CPU.Build.0 = Release|Any CPU
		{7D197464-7FA8-4929-9B3E-A13F143FECB1}.Release|Any CPU.ActiveCfg = Release|Any CPU
		{7D197464-7FA8-4929-9B3E-A13F143FECB1}.Release|Any CPU.Build.0 = Release|Any CPU
		{FE59C574-8B97-471A-AF5E-B07435BB7588}.Debug|Any CPU.ActiveCfg = Debug|Any CPU
		{FE59C574-8B97-471A-AF5E-B07435BB7588}.Debug|Any CPU.Build.0 = Debug|Any CPU
		{FE59C574-8B97-471A-AF5E-B07435BB7588}.NET20_Debug|Any CPU.ActiveCfg = Debug|Any CPU
		{FE59C574-8B97-471A-AF5E-B07435BB7588}.NET20_Debug|Any CPU.Build.0 = Debug|Any CPU
		{FE59C574-8B97-471A-AF5E-B07435BB7588}.NET20_Release|Any CPU.ActiveCfg = Release|Any CPU
		{FE59C574-8B97-471A-AF5E-B07435BB7588}.NET20_Release|Any CPU.Build.0 = Release|Any CPU
		{FE59C574-8B97-471A-AF5E-B07435BB7588}.NET20|Any CPU.ActiveCfg = Release|Any CPU
		{FE59C574-8B97-471A-AF5E-B07435BB7588}.NET20|Any CPU.Build.0 = Release|Any CPU
		{FE59C574-8B97-471A-AF5E-B07435BB7588}.NET40_Debug|Any CPU.ActiveCfg = Debug|Any CPU
		{FE59C574-8B97-471A-AF5E-B07435BB7588}.NET40_Debug|Any CPU.Build.0 = Debug|Any CPU
		{FE59C574-8B97-471A-AF5E-B07435BB7588}.NET40_Release|Any CPU.ActiveCfg = Release|Any CPU
		{FE59C574-8B97-471A-AF5E-B07435BB7588}.NET40_Release|Any CPU.Build.0 = Release|Any CPU
		{FE59C574-8B97-471A-AF5E-B07435BB7588}.NET40|Any CPU.ActiveCfg = Release|Any CPU
		{FE59C574-8B97-471A-AF5E-B07435BB7588}.NET40|Any CPU.Build.0 = Release|Any CPU
		{FE59C574-8B97-471A-AF5E-B07435BB7588}.Release|Any CPU.ActiveCfg = Release|Any CPU
		{FE59C574-8B97-471A-AF5E-B07435BB7588}.Release|Any CPU.Build.0 = Release|Any CPU
		{D3E79E29-0F6A-4E99-A2AF-96E59B222D9A}.Debug|Any CPU.ActiveCfg = NET40_Debug|Any CPU
		{D3E79E29-0F6A-4E99-A2AF-96E59B222D9A}.Debug|Any CPU.Build.0 = NET40_Debug|Any CPU
		{D3E79E29-0F6A-4E99-A2AF-96E59B222D9A}.NET20_Debug|Any CPU.ActiveCfg = NET20_Debug|Any CPU
		{D3E79E29-0F6A-4E99-A2AF-96E59B222D9A}.NET20_Debug|Any CPU.Build.0 = NET20_Debug|Any CPU
		{D3E79E29-0F6A-4E99-A2AF-96E59B222D9A}.NET20_Release|Any CPU.ActiveCfg = NET20_Release|Any CPU
		{D3E79E29-0F6A-4E99-A2AF-96E59B222D9A}.NET20_Release|Any CPU.Build.0 = NET20_Release|Any CPU
		{D3E79E29-0F6A-4E99-A2AF-96E59B222D9A}.NET20|Any CPU.ActiveCfg = NET20_Release|Any CPU
		{D3E79E29-0F6A-4E99-A2AF-96E59B222D9A}.NET20|Any CPU.Build.0 = NET20_Release|Any CPU
		{D3E79E29-0F6A-4E99-A2AF-96E59B222D9A}.NET40_Debug|Any CPU.ActiveCfg = NET40_Debug|Any CPU
		{D3E79E29-0F6A-4E99-A2AF-96E59B222D9A}.NET40_Debug|Any CPU.Build.0 = NET40_Debug|Any CPU
		{D3E79E29-0F6A-4E99-A2AF-96E59B222D9A}.NET40_Release|Any CPU.ActiveCfg = NET40_Release|Any CPU
		{D3E79E29-0F6A-4E99-A2AF-96E59B222D9A}.NET40_Release|Any CPU.Build.0 = NET40_Release|Any CPU
		{D3E79E29-0F6A-4E99-A2AF-96E59B222D9A}.NET40|Any CPU.ActiveCfg = NET40_Release|Any CPU
		{D3E79E29-0F6A-4E99-A2AF-96E59B222D9A}.NET40|Any CPU.Build.0 = NET40_Release|Any CPU
		{D3E79E29-0F6A-4E99-A2AF-96E59B222D9A}.Release|Any CPU.ActiveCfg = NET40_Release|Any CPU
		{D3E79E29-0F6A-4E99-A2AF-96E59B222D9A}.Release|Any CPU.Build.0 = NET40_Release|Any CPU
		{282E3580-1A6C-4DCA-8902-7390796F7DD6}.Debug|Any CPU.ActiveCfg = Debug|Any CPU
		{282E3580-1A6C-4DCA-8902-7390796F7DD6}.Debug|Any CPU.Build.0 = Debug|Any CPU
		{282E3580-1A6C-4DCA-8902-7390796F7DD6}.NET20_Debug|Any CPU.ActiveCfg = Debug|Any CPU
		{282E3580-1A6C-4DCA-8902-7390796F7DD6}.NET20_Debug|Any CPU.Build.0 = Debug|Any CPU
		{282E3580-1A6C-4DCA-8902-7390796F7DD6}.NET20_Release|Any CPU.ActiveCfg = Release|Any CPU
		{282E3580-1A6C-4DCA-8902-7390796F7DD6}.NET20_Release|Any CPU.Build.0 = Release|Any CPU
		{282E3580-1A6C-4DCA-8902-7390796F7DD6}.NET20|Any CPU.ActiveCfg = Release|Any CPU
		{282E3580-1A6C-4DCA-8902-7390796F7DD6}.NET20|Any CPU.Build.0 = Release|Any CPU
		{282E3580-1A6C-4DCA-8902-7390796F7DD6}.NET40_Debug|Any CPU.ActiveCfg = Debug|Any CPU
		{282E3580-1A6C-4DCA-8902-7390796F7DD6}.NET40_Debug|Any CPU.Build.0 = Debug|Any CPU
		{282E3580-1A6C-4DCA-8902-7390796F7DD6}.NET40_Release|Any CPU.ActiveCfg = Release|Any CPU
		{282E3580-1A6C-4DCA-8902-7390796F7DD6}.NET40_Release|Any CPU.Build.0 = Release|Any CPU
		{282E3580-1A6C-4DCA-8902-7390796F7DD6}.NET40|Any CPU.ActiveCfg = Release|Any CPU
		{282E3580-1A6C-4DCA-8902-7390796F7DD6}.NET40|Any CPU.Build.0 = Release|Any CPU
		{282E3580-1A6C-4DCA-8902-7390796F7DD6}.Release|Any CPU.ActiveCfg = Release|Any CPU
		{282E3580-1A6C-4DCA-8902-7390796F7DD6}.Release|Any CPU.Build.0 = Release|Any CPU
		{703560AB-4894-42A1-9EF5-3B7652091196}.Debug|Any CPU.ActiveCfg = Debug|Any CPU
		{703560AB-4894-42A1-9EF5-3B7652091196}.Debug|Any CPU.Build.0 = Debug|Any CPU
		{703560AB-4894-42A1-9EF5-3B7652091196}.NET20_Debug|Any CPU.ActiveCfg = Debug|Any CPU
		{703560AB-4894-42A1-9EF5-3B7652091196}.NET20_Debug|Any CPU.Build.0 = Debug|Any CPU
		{703560AB-4894-42A1-9EF5-3B7652091196}.NET20_Release|Any CPU.ActiveCfg = Release|Any CPU
		{703560AB-4894-42A1-9EF5-3B7652091196}.NET20_Release|Any CPU.Build.0 = Release|Any CPU
		{703560AB-4894-42A1-9EF5-3B7652091196}.NET20|Any CPU.ActiveCfg = Release|Any CPU
		{703560AB-4894-42A1-9EF5-3B7652091196}.NET20|Any CPU.Build.0 = Release|Any CPU
		{703560AB-4894-42A1-9EF5-3B7652091196}.NET40_Debug|Any CPU.ActiveCfg = Debug|Any CPU
		{703560AB-4894-42A1-9EF5-3B7652091196}.NET40_Debug|Any CPU.Build.0 = Debug|Any CPU
		{703560AB-4894-42A1-9EF5-3B7652091196}.NET40_Release|Any CPU.ActiveCfg = Release|Any CPU
		{703560AB-4894-42A1-9EF5-3B7652091196}.NET40_Release|Any CPU.Build.0 = Release|Any CPU
		{703560AB-4894-42A1-9EF5-3B7652091196}.NET40|Any CPU.ActiveCfg = Release|Any CPU
		{703560AB-4894-42A1-9EF5-3B7652091196}.NET40|Any CPU.Build.0 = Release|Any CPU
		{703560AB-4894-42A1-9EF5-3B7652091196}.Release|Any CPU.ActiveCfg = Release|Any CPU
		{703560AB-4894-42A1-9EF5-3B7652091196}.Release|Any CPU.Build.0 = Release|Any CPU
		{CA02FE4F-8F5E-4EB5-8EF5-9C9B7F95B189}.Debug|Any CPU.ActiveCfg = Debug|Any CPU
		{CA02FE4F-8F5E-4EB5-8EF5-9C9B7F95B189}.Debug|Any CPU.Build.0 = Debug|Any CPU
		{CA02FE4F-8F5E-4EB5-8EF5-9C9B7F95B189}.NET20_Debug|Any CPU.ActiveCfg = NET20|Any CPU
		{CA02FE4F-8F5E-4EB5-8EF5-9C9B7F95B189}.NET20_Debug|Any CPU.Build.0 = NET20|Any CPU
		{CA02FE4F-8F5E-4EB5-8EF5-9C9B7F95B189}.NET20_Release|Any CPU.ActiveCfg = Release|Any CPU
		{CA02FE4F-8F5E-4EB5-8EF5-9C9B7F95B189}.NET20_Release|Any CPU.Build.0 = Release|Any CPU
		{CA02FE4F-8F5E-4EB5-8EF5-9C9B7F95B189}.NET20|Any CPU.ActiveCfg = NET20|Any CPU
		{CA02FE4F-8F5E-4EB5-8EF5-9C9B7F95B189}.NET20|Any CPU.Build.0 = NET20|Any CPU
		{CA02FE4F-8F5E-4EB5-8EF5-9C9B7F95B189}.NET40_Debug|Any CPU.ActiveCfg = NET40|Any CPU
		{CA02FE4F-8F5E-4EB5-8EF5-9C9B7F95B189}.NET40_Debug|Any CPU.Build.0 = NET40|Any CPU
		{CA02FE4F-8F5E-4EB5-8EF5-9C9B7F95B189}.NET40_Release|Any CPU.ActiveCfg = Release|Any CPU
		{CA02FE4F-8F5E-4EB5-8EF5-9C9B7F95B189}.NET40_Release|Any CPU.Build.0 = Release|Any CPU
		{CA02FE4F-8F5E-4EB5-8EF5-9C9B7F95B189}.NET40|Any CPU.ActiveCfg = NET40|Any CPU
		{CA02FE4F-8F5E-4EB5-8EF5-9C9B7F95B189}.NET40|Any CPU.Build.0 = NET40|Any CPU
		{CA02FE4F-8F5E-4EB5-8EF5-9C9B7F95B189}.Release|Any CPU.ActiveCfg = Release|Any CPU
		{CA02FE4F-8F5E-4EB5-8EF5-9C9B7F95B189}.Release|Any CPU.Build.0 = Release|Any CPU
		{D3613952-49B3-4B61-B0A2-65E050AD24CD}.Debug|Any CPU.ActiveCfg = Debug|Any CPU
		{D3613952-49B3-4B61-B0A2-65E050AD24CD}.Debug|Any CPU.Build.0 = Debug|Any CPU
		{D3613952-49B3-4B61-B0A2-65E050AD24CD}.NET20_Debug|Any CPU.ActiveCfg = NET20|Any CPU
		{D3613952-49B3-4B61-B0A2-65E050AD24CD}.NET20_Debug|Any CPU.Build.0 = NET20|Any CPU
		{D3613952-49B3-4B61-B0A2-65E050AD24CD}.NET20_Release|Any CPU.ActiveCfg = Release|Any CPU
		{D3613952-49B3-4B61-B0A2-65E050AD24CD}.NET20_Release|Any CPU.Build.0 = Release|Any CPU
		{D3613952-49B3-4B61-B0A2-65E050AD24CD}.NET20|Any CPU.ActiveCfg = NET20|Any CPU
		{D3613952-49B3-4B61-B0A2-65E050AD24CD}.NET20|Any CPU.Build.0 = NET20|Any CPU
		{D3613952-49B3-4B61-B0A2-65E050AD24CD}.NET40_Debug|Any CPU.ActiveCfg = NET40|Any CPU
		{D3613952-49B3-4B61-B0A2-65E050AD24CD}.NET40_Debug|Any CPU.Build.0 = NET40|Any CPU
		{D3613952-49B3-4B61-B0A2-65E050AD24CD}.NET40_Release|Any CPU.ActiveCfg = Release|Any CPU
		{D3613952-49B3-4B61-B0A2-65E050AD24CD}.NET40_Release|Any CPU.Build.0 = Release|Any CPU
		{D3613952-49B3-4B61-B0A2-65E050AD24CD}.NET40|Any CPU.ActiveCfg = NET40|Any CPU
		{D3613952-49B3-4B61-B0A2-65E050AD24CD}.NET40|Any CPU.Build.0 = NET40|Any CPU
		{D3613952-49B3-4B61-B0A2-65E050AD24CD}.Release|Any CPU.ActiveCfg = Release|Any CPU
		{D3613952-49B3-4B61-B0A2-65E050AD24CD}.Release|Any CPU.Build.0 = Release|Any CPU
		{A8C2D50E-0B90-47CE-BA79-679152A63914}.Debug|Any CPU.ActiveCfg = Debug|Any CPU
		{A8C2D50E-0B90-47CE-BA79-679152A63914}.Debug|Any CPU.Build.0 = Debug|Any CPU
		{A8C2D50E-0B90-47CE-BA79-679152A63914}.NET20_Debug|Any CPU.ActiveCfg = NET20|Any CPU
		{A8C2D50E-0B90-47CE-BA79-679152A63914}.NET20_Debug|Any CPU.Build.0 = NET20|Any CPU
		{A8C2D50E-0B90-47CE-BA79-679152A63914}.NET20_Release|Any CPU.ActiveCfg = Release|Any CPU
		{A8C2D50E-0B90-47CE-BA79-679152A63914}.NET20_Release|Any CPU.Build.0 = Release|Any CPU
		{A8C2D50E-0B90-47CE-BA79-679152A63914}.NET20|Any CPU.ActiveCfg = NET20|Any CPU
		{A8C2D50E-0B90-47CE-BA79-679152A63914}.NET20|Any CPU.Build.0 = NET20|Any CPU
		{A8C2D50E-0B90-47CE-BA79-679152A63914}.NET40_Debug|Any CPU.ActiveCfg = NET40|Any CPU
		{A8C2D50E-0B90-47CE-BA79-679152A63914}.NET40_Debug|Any CPU.Build.0 = NET40|Any CPU
		{A8C2D50E-0B90-47CE-BA79-679152A63914}.NET40_Release|Any CPU.ActiveCfg = Release|Any CPU
		{A8C2D50E-0B90-47CE-BA79-679152A63914}.NET40_Release|Any CPU.Build.0 = Release|Any CPU
		{A8C2D50E-0B90-47CE-BA79-679152A63914}.NET40|Any CPU.ActiveCfg = NET40|Any CPU
		{A8C2D50E-0B90-47CE-BA79-679152A63914}.NET40|Any CPU.Build.0 = NET40|Any CPU
		{A8C2D50E-0B90-47CE-BA79-679152A63914}.Release|Any CPU.ActiveCfg = Release|Any CPU
		{A8C2D50E-0B90-47CE-BA79-679152A63914}.Release|Any CPU.Build.0 = Release|Any CPU
	EndGlobalSection
	GlobalSection(SolutionProperties) = preSolution
		HideSolutionNode = FALSE
	EndGlobalSection
	GlobalSection(NestedProjects) = preSolution
		{203C8B6E-0D5D-4BD9-983E-4B7BBA048567} = {34268316-47CC-4968-9557-88EFE0148E7E}
		{89B28A67-63A3-4985-AE3E-9D2E0F4C1830} = {34268316-47CC-4968-9557-88EFE0148E7E}
		{7D197464-7FA8-4929-9B3E-A13F143FECB1} = {34268316-47CC-4968-9557-88EFE0148E7E}
		{FE59C574-8B97-471A-AF5E-B07435BB7588} = {34268316-47CC-4968-9557-88EFE0148E7E}
		{D3E79E29-0F6A-4E99-A2AF-96E59B222D9A} = {34268316-47CC-4968-9557-88EFE0148E7E}
		{282E3580-1A6C-4DCA-8902-7390796F7DD6} = {F91F36EB-826C-4265-9DB9-15BB3E40D95C}
		{703560AB-4894-42A1-9EF5-3B7652091196} = {34268316-47CC-4968-9557-88EFE0148E7E}
		{D75CF585-2D38-4717-A0CD-B25EA02A7686} = {786D709C-A09E-4208-8E3C-676E3A01B95C}
		{CA02FE4F-8F5E-4EB5-8EF5-9C9B7F95B189} = {D75CF585-2D38-4717-A0CD-B25EA02A7686}
		{D3613952-49B3-4B61-B0A2-65E050AD24CD} = {D75CF585-2D38-4717-A0CD-B25EA02A7686}
		{A8C2D50E-0B90-47CE-BA79-679152A63914} = {D75CF585-2D38-4717-A0CD-B25EA02A7686}
	EndGlobalSection
	GlobalSection(ExtensibilityGlobals) = postSolution
		SolutionGuid = {A7232A4A-BA1E-49E7-8625-3D86A9239173}
	EndGlobalSection
EndGlobal
