
Microsoft Visual Studio Solution File, Format Version 11.00
# Visual Studio 2010
Project("{FAE04EC0-301F-11D3-BF4B-00C04F79EFBC}") = "Foundation.Trace", "Foundation\Foundation.Trace\Foundation.Trace.csproj", "{FE59C574-8B97-471A-AF5E-B07435BB7588}"
EndProject
Project("{FAE04EC0-301F-11D3-BF4B-00C04F79EFBC}") = "Foundation.Basic", "Foundation\Foundation.Basic\Foundation.Basic.csproj", "{203C8B6E-0D5D-4BD9-983E-4B7BBA048567}"
EndProject
Project("{2150E333-8FDC-42A3-9474-1A3956D46DE8}") = "Foundation", "Foundation", "{34268316-47CC-4968-9557-88EFE0148E7E}"
EndProject
Project("{FAE04EC0-301F-11D3-BF4B-00C04F79EFBC}") = "Foundation.Log", "Foundation\Foundation.Log\Foundation.Log.csproj", "{89B28A67-63A3-4985-AE3E-9D2E0F4C1830}"
EndProject
Project("{FAE04EC0-301F-11D3-BF4B-00C04F79EFBC}") = "Foundation.Log.Test", "Foundation\Foundation.Log.Test\Foundation.Log.Test.csproj", "{7D197464-7FA8-4929-9B3E-A13F143FECB1}"
EndProject
Global
	GlobalSection(SolutionConfigurationPlatforms) = preSolution
		Debug|Any CPU = Debug|Any CPU
		NET20|Any CPU = NET20|Any CPU
		NET30|Any CPU = NET30|Any CPU
		NET40|Any CPU = NET40|Any CPU
		Release|Any CPU = Release|Any CPU
	EndGlobalSection
	GlobalSection(ProjectConfigurationPlatforms) = postSolution
		{FE59C574-8B97-471A-AF5E-B07435BB7588}.Debug|Any CPU.ActiveCfg = Debug|Any CPU
		{FE59C574-8B97-471A-AF5E-B07435BB7588}.Debug|Any CPU.Build.0 = Debug|Any CPU
		{FE59C574-8B97-471A-AF5E-B07435BB7588}.NET20|Any CPU.ActiveCfg = Release|Any CPU
		{FE59C574-8B97-471A-AF5E-B07435BB7588}.NET20|Any CPU.Build.0 = Release|Any CPU
		{FE59C574-8B97-471A-AF5E-B07435BB7588}.NET30|Any CPU.ActiveCfg = Release|Any CPU
		{FE59C574-8B97-471A-AF5E-B07435BB7588}.NET30|Any CPU.Build.0 = Release|Any CPU
		{FE59C574-8B97-471A-AF5E-B07435BB7588}.NET40|Any CPU.ActiveCfg = Release|Any CPU
		{FE59C574-8B97-471A-AF5E-B07435BB7588}.NET40|Any CPU.Build.0 = Release|Any CPU
		{FE59C574-8B97-471A-AF5E-B07435BB7588}.Release|Any CPU.ActiveCfg = Release|Any CPU
		{FE59C574-8B97-471A-AF5E-B07435BB7588}.Release|Any CPU.Build.0 = Release|Any CPU
		{203C8B6E-0D5D-4BD9-983E-4B7BBA048567}.Debug|Any CPU.ActiveCfg = Debug|Any CPU
		{203C8B6E-0D5D-4BD9-983E-4B7BBA048567}.Debug|Any CPU.Build.0 = Debug|Any CPU
		{203C8B6E-0D5D-4BD9-983E-4B7BBA048567}.NET20|Any CPU.ActiveCfg = NET20|Any CPU
		{203C8B6E-0D5D-4BD9-983E-4B7BBA048567}.NET20|Any CPU.Build.0 = NET20|Any CPU
		{203C8B6E-0D5D-4BD9-983E-4B7BBA048567}.NET30|Any CPU.ActiveCfg = NET30|Any CPU
		{203C8B6E-0D5D-4BD9-983E-4B7BBA048567}.NET30|Any CPU.Build.0 = NET30|Any CPU
		{203C8B6E-0D5D-4BD9-983E-4B7BBA048567}.NET40|Any CPU.ActiveCfg = NET40|Any CPU
		{203C8B6E-0D5D-4BD9-983E-4B7BBA048567}.NET40|Any CPU.Build.0 = NET40|Any CPU
		{203C8B6E-0D5D-4BD9-983E-4B7BBA048567}.Release|Any CPU.ActiveCfg = Release|Any CPU
		{203C8B6E-0D5D-4BD9-983E-4B7BBA048567}.Release|Any CPU.Build.0 = Release|Any CPU
		{89B28A67-63A3-4985-AE3E-9D2E0F4C1830}.Debug|Any CPU.ActiveCfg = Debug|Any CPU
		{89B28A67-63A3-4985-AE3E-9D2E0F4C1830}.Debug|Any CPU.Build.0 = Debug|Any CPU
		{89B28A67-63A3-4985-AE3E-9D2E0F4C1830}.NET20|Any CPU.ActiveCfg = Release|Any CPU
		{89B28A67-63A3-4985-AE3E-9D2E0F4C1830}.NET20|Any CPU.Build.0 = Release|Any CPU
		{89B28A67-63A3-4985-AE3E-9D2E0F4C1830}.NET30|Any CPU.ActiveCfg = Release|Any CPU
		{89B28A67-63A3-4985-AE3E-9D2E0F4C1830}.NET30|Any CPU.Build.0 = Release|Any CPU
		{89B28A67-63A3-4985-AE3E-9D2E0F4C1830}.NET40|Any CPU.ActiveCfg = Release|Any CPU
		{89B28A67-63A3-4985-AE3E-9D2E0F4C1830}.NET40|Any CPU.Build.0 = Release|Any CPU
		{89B28A67-63A3-4985-AE3E-9D2E0F4C1830}.Release|Any CPU.ActiveCfg = Release|Any CPU
		{89B28A67-63A3-4985-AE3E-9D2E0F4C1830}.Release|Any CPU.Build.0 = Release|Any CPU
		{7D197464-7FA8-4929-9B3E-A13F143FECB1}.Debug|Any CPU.ActiveCfg = Debug|Any CPU
		{7D197464-7FA8-4929-9B3E-A13F143FECB1}.Debug|Any CPU.Build.0 = Debug|Any CPU
		{7D197464-7FA8-4929-9B3E-A13F143FECB1}.NET20|Any CPU.ActiveCfg = Release|Any CPU
		{7D197464-7FA8-4929-9B3E-A13F143FECB1}.NET20|Any CPU.Build.0 = Release|Any CPU
		{7D197464-7FA8-4929-9B3E-A13F143FECB1}.NET30|Any CPU.ActiveCfg = Release|Any CPU
		{7D197464-7FA8-4929-9B3E-A13F143FECB1}.NET30|Any CPU.Build.0 = Release|Any CPU
		{7D197464-7FA8-4929-9B3E-A13F143FECB1}.NET40|Any CPU.ActiveCfg = Release|Any CPU
		{7D197464-7FA8-4929-9B3E-A13F143FECB1}.NET40|Any CPU.Build.0 = Release|Any CPU
		{7D197464-7FA8-4929-9B3E-A13F143FECB1}.Release|Any CPU.ActiveCfg = Release|Any CPU
		{7D197464-7FA8-4929-9B3E-A13F143FECB1}.Release|Any CPU.Build.0 = Release|Any CPU
	EndGlobalSection
	GlobalSection(SolutionProperties) = preSolution
		HideSolutionNode = FALSE
	EndGlobalSection
	GlobalSection(NestedProjects) = preSolution
		{203C8B6E-0D5D-4BD9-983E-4B7BBA048567} = {34268316-47CC-4968-9557-88EFE0148E7E}
		{FE59C574-8B97-471A-AF5E-B07435BB7588} = {34268316-47CC-4968-9557-88EFE0148E7E}
		{89B28A67-63A3-4985-AE3E-9D2E0F4C1830} = {34268316-47CC-4968-9557-88EFE0148E7E}
		{7D197464-7FA8-4929-9B3E-A13F143FECB1} = {34268316-47CC-4968-9557-88EFE0148E7E}
	EndGlobalSection
EndGlobal
