
Microsoft Visual Studio Solution File, Format Version 12.00
# Visual Studio 15
VisualStudioVersion = 15.0.27130.2027
MinimumVisualStudioVersion = 10.0.40219.1
Project("{2150E333-8FDC-42A3-9474-1A3956D46DE8}") = "Foundation", "Foundation", "{AE2FE85B-A1EE-4340-91BF-D29FC744F0DF}"
EndProject
Project("{2150E333-8FDC-42A3-9474-1A3956D46DE8}") = "APP", "APP", "{329FA697-5A9D-4E9C-8447-7061913A7B6B}"
EndProject
Project("{2150E333-8FDC-42A3-9474-1A3956D46DE8}") = "Framework", "Framework", "{193F806B-CED3-4FF2-88C1-F043665A2454}"
EndProject
Project("{9A19103F-16F7-4668-BE54-9A1E7A4F7556}") = "Test", "APP\Test\Test.csproj", "{8A74E4EA-0EE6-49D8-A4A7-41E269A74916}"
EndProject
Project("{FAE04EC0-301F-11D3-BF4B-00C04F79EFBC}") = "Test_Framework", "APP\Test_Framework\Test_Framework.csproj", "{06FA7853-B118-4873-8CFA-DF251B276003}"
EndProject
Project("{9A19103F-16F7-4668-BE54-9A1E7A4F7556}") = "Mini.Foundation.Basic", "Foundation\Mini.Foundation.Basic\Mini.Foundation.Basic.csproj", "{7EC16D10-1369-4E2E-8DC9-35CFE4A125D8}"
EndProject
Project("{9A19103F-16F7-4668-BE54-9A1E7A4F7556}") = "Mini.Foundation.IOC", "Foundation\Mini.Foundation.IOC\Mini.Foundation.IOC.csproj", "{92C213FE-9DF8-4BA9-BDAF-68CBDC78C700}"
EndProject
Project("{9A19103F-16F7-4668-BE54-9A1E7A4F7556}") = "Mini.Foundation.TraceService", "Foundation\Mini.Foundation.TraceService\Mini.Foundation.TraceService.csproj", "{F10A4729-F642-4416-8E65-984A54E361B7}"
EndProject
Project("{9A19103F-16F7-4668-BE54-9A1E7A4F7556}") = "Mini.Foundation.Json", "Foundation\Mini.Foundation.Json\Mini.Foundation.Json.csproj", "{C65582CB-A03C-4BE0-83AB-273FA89A855A}"
EndProject
Project("{FAE04EC0-301F-11D3-BF4B-00C04F79EFBC}") = "Mini.Foundation.Test", "Foundation\Mini.Foundation.Test\Mini.Foundation.Test.csproj", "{C4B36659-F47F-478C-9BE2-15A631EB866C}"
EndProject
Project("{9A19103F-16F7-4668-BE54-9A1E7A4F7556}") = "Mini.Foundation.LogService", "Foundation\Mini.Foundation.LogService\Mini.Foundation.LogService.csproj", "{F5CC2C1A-C49E-44D4-856A-EB8646D4FD85}"
EndProject
Project("{9A19103F-16F7-4668-BE54-9A1E7A4F7556}") = "Mini.Foundation.Office", "Foundation\Mini.Foundation.Office\Mini.Foundation.Office.csproj", "{36B7CA84-FF1A-4CAB-93B2-2121460DFA92}"
EndProject
Project("{9A19103F-16F7-4668-BE54-9A1E7A4F7556}") = "Mini.Foundation.Basic.Test", "Foundation\Mini.Foundation.Basic.Test\Mini.Foundation.Basic.Test.csproj", "{269AA857-6F57-451E-8A00-5C9A86C0365F}"
EndProject
Project("{FAE04EC0-301F-11D3-BF4B-00C04F79EFBC}") = "Mini.Framework.Database.Test", "Framework\Mini.Framework.Database.Test\Mini.Framework.Database.Test.csproj", "{8EDF4429-251A-416D-BB68-93F227191BCF}"
EndProject
Project("{9A19103F-16F7-4668-BE54-9A1E7A4F7556}") = "Mini.Framework.Database", "Framework\Mini.Framework.Database\Mini.Framework.Database.csproj", "{735D4CDB-8B2D-4EEB-B609-CE4CBEBFF302}"
EndProject
Project("{FAE04EC0-301F-11D3-BF4B-00C04F79EFBC}") = "Mini.Foundation.Office.Test", "Foundation\Mini.Foundation.Office.Test\Mini.Foundation.Office.Test.csproj", "{6A7CFBA2-41DD-41C0-B222-B0F496E8C797}"
EndProject
Project("{9A19103F-16F7-4668-BE54-9A1E7A4F7556}") = "Mini.Framework.WebUploader", "Framework\Mini.Framework.WebUploader\Mini.Framework.WebUploader.csproj", "{F536A7BF-2109-4B48-90E5-06E035CC7D42}"
EndProject
Project("{FAE04EC0-301F-11D3-BF4B-00C04F79EFBC}") = "Test.Win", "APP\Test.Win\Test.Win.csproj", "{786C5536-C235-4355-8D4A-B5BAB479762C}"
EndProject
Project("{FAE04EC0-301F-11D3-BF4B-00C04F79EFBC}") = "Mini.Framework.WebUploader.Test", "Framework\Mini.Framework.WebUploader.Test\Mini.Framework.WebUploader.Test.csproj", "{28798583-EF76-443C-B8C3-E951048D349C}"
EndProject
Project("{FAE04EC0-301F-11D3-BF4B-00C04F79EFBC}") = "Mini.Foundation.Json.Test", "Framework\Mini.Foundation.Json.Test\Mini.Foundation.Json.Test.csproj", "{BCEA6067-6BA2-47AE-869A-362507935865}"
EndProject
Project("{9A19103F-16F7-4668-BE54-9A1E7A4F7556}") = "Mini.Framework.EFCommon", "Framework\Mini.Framework.EFCommon\Mini.Framework.EFCommon.csproj", "{D79243CA-1165-48DB-B09E-CA8B17BAE5BE}"
EndProject
Project("{9A19103F-16F7-4668-BE54-9A1E7A4F7556}") = "Mini.Framework.Sdmap", "Framework\Mini.Framework.Sdmap\Mini.Framework.Sdmap.csproj", "{1D79F8D9-2A6C-4421-9D8E-90C9321A7F9E}"
EndProject
Project("{9A19103F-16F7-4668-BE54-9A1E7A4F7556}") = "Mini.Framework.Sdmap.Test", "Framework\Mini.Framework.Sdmap.Test\Mini.Framework.Sdmap.Test.csproj", "{E1818DA8-6345-495B-ABF3-357BFBC4BFE3}"
EndProject
Project("{FAE04EC0-301F-11D3-BF4B-00C04F79EFBC}") = "Mini.Framework.Sdmap.Test2", "Framework\Mini.Framework.Sdmap.Test2\Mini.Framework.Sdmap.Test2.csproj", "{53A0DF15-6236-4D9A-A8EE-0513A8298BD0}"
EndProject
Project("{9A19103F-16F7-4668-BE54-9A1E7A4F7556}") = "Mini.Framework.Datagrid", "Framework\Mini.Framework.Datagrid\Mini.Framework.Datagrid.csproj", "{BBE40AA6-E3A9-4AEC-8FD0-6C2C7F414739}"
EndProject
Project("{FAE04EC0-301F-11D3-BF4B-00C04F79EFBC}") = "Mini.Framework.Datagrid.Test", "Framework\Mini.Framework.Datagrid.Test\Mini.Framework.Datagrid.Test.csproj", "{44FF0C2F-7EB6-41D7-BE98-FA430AFEA4EF}"
EndProject
Project("{9A19103F-16F7-4668-BE54-9A1E7A4F7556}") = "Mini.Framework.Database.Oracle", "Framework\Mini.Framework.Database.Oracle\Mini.Framework.Database.Oracle.csproj", "{5719EDE3-8D5A-43A5-8FB2-109ED22F6F3D}"
EndProject
Project("{FAE04EC0-301F-11D3-BF4B-00C04F79EFBC}") = "Mini.Framework.Database.Oracle.Test", "Framework\Mini.Framework.Database.Oracle.Test\Mini.Framework.Database.Oracle.Test.csproj", "{7CE3DD94-3480-40D9-9A56-936F8D4B5703}"
EndProject
Project("{9A19103F-16F7-4668-BE54-9A1E7A4F7556}") = "Mini.Framework.Sdmap.Extension", "Framework\Mini.Framework.Sdmap.Extension\Mini.Framework.Sdmap.Extension.csproj", "{3822DEB3-C4C1-48FE-87CA-D8FBF251A7AC}"
EndProject
Project("{2150E333-8FDC-42A3-9474-1A3956D46DE8}") = "Rename", "Rename", "{EA07A3E5-3B2B-4803-9E53-E82617812A26}"
EndProject
Project("{FAE04EC0-301F-11D3-BF4B-00C04F79EFBC}") = "Mini.Rename.Json100r1", "Rename\Mini.Rename.Json100r1\Mini.Rename.Json100r1.csproj", "{2C6BBA74-0554-44B3-B2DB-5578FA6E9BAD}"
EndProject
Project("{FAE04EC0-301F-11D3-BF4B-00C04F79EFBC}") = "Mini.Rename.log4net208", "Rename\Mini.Rename.log4net208\Mini.Rename.log4net208.csproj", "{181FE707-E161-4722-9F38-6AAAB6FAA106}"
EndProject
Project("{FAE04EC0-301F-11D3-BF4B-00C04F79EFBC}") = "Mini.Rename.Json100r1.Test", "Rename\Mini.Rename.Json100r1_LY.Test\Mini.Rename.Json100r1.Test.csproj", "{E187C524-B18A-4C4C-A7A8-9994BE52647D}"
EndProject
Project("{9A19103F-16F7-4668-BE54-9A1E7A4F7556}") = "Mini.Framework.ResourceCommon", "Framework\Mini.Framework.ResourceCommon\Mini.Framework.ResourceCommon.csproj", "{26F82092-FF7B-4348-98A7-0D488A9A5A38}"
EndProject
Project("{FAE04EC0-301F-11D3-BF4B-00C04F79EFBC}") = "Mini.Framework.ResourceCommon.Test", "Framework\Mini.Framework.ResourceCommon.Test\Mini.Framework.ResourceCommon.Test.csproj", "{3CCB345F-DDF2-4AD4-83C0-288DB2BF6610}"
EndProject
Project("{FAE04EC0-301F-11D3-BF4B-00C04F79EFBC}") = "Mini.Framework.ResourceCommon.Test2", "Framework\Mini.Framework.ResourceCommon.Test2\Mini.Framework.ResourceCommon.Test2.csproj", "{B7657694-5324-4880-8540-920E72467E15}"
EndProject
Global
	GlobalSection(SolutionConfigurationPlatforms) = preSolution
		Debug|Any CPU = Debug|Any CPU
		Release|Any CPU = Release|Any CPU
	EndGlobalSection
	GlobalSection(ProjectConfigurationPlatforms) = postSolution
		{8A74E4EA-0EE6-49D8-A4A7-41E269A74916}.Debug|Any CPU.ActiveCfg = Debug|Any CPU
		{8A74E4EA-0EE6-49D8-A4A7-41E269A74916}.Debug|Any CPU.Build.0 = Debug|Any CPU
		{8A74E4EA-0EE6-49D8-A4A7-41E269A74916}.Release|Any CPU.ActiveCfg = Release|Any CPU
		{8A74E4EA-0EE6-49D8-A4A7-41E269A74916}.Release|Any CPU.Build.0 = Release|Any CPU
		{06FA7853-B118-4873-8CFA-DF251B276003}.Debug|Any CPU.ActiveCfg = Debug|Any CPU
		{06FA7853-B118-4873-8CFA-DF251B276003}.Debug|Any CPU.Build.0 = Debug|Any CPU
		{06FA7853-B118-4873-8CFA-DF251B276003}.Release|Any CPU.ActiveCfg = Release|Any CPU
		{06FA7853-B118-4873-8CFA-DF251B276003}.Release|Any CPU.Build.0 = Release|Any CPU
		{7EC16D10-1369-4E2E-8DC9-35CFE4A125D8}.Debug|Any CPU.ActiveCfg = Debug|Any CPU
		{7EC16D10-1369-4E2E-8DC9-35CFE4A125D8}.Debug|Any CPU.Build.0 = Debug|Any CPU
		{7EC16D10-1369-4E2E-8DC9-35CFE4A125D8}.Release|Any CPU.ActiveCfg = Release|Any CPU
		{7EC16D10-1369-4E2E-8DC9-35CFE4A125D8}.Release|Any CPU.Build.0 = Release|Any CPU
		{92C213FE-9DF8-4BA9-BDAF-68CBDC78C700}.Debug|Any CPU.ActiveCfg = Debug|Any CPU
		{92C213FE-9DF8-4BA9-BDAF-68CBDC78C700}.Debug|Any CPU.Build.0 = Debug|Any CPU
		{92C213FE-9DF8-4BA9-BDAF-68CBDC78C700}.Release|Any CPU.ActiveCfg = Release|Any CPU
		{92C213FE-9DF8-4BA9-BDAF-68CBDC78C700}.Release|Any CPU.Build.0 = Release|Any CPU
		{F10A4729-F642-4416-8E65-984A54E361B7}.Debug|Any CPU.ActiveCfg = Debug|Any CPU
		{F10A4729-F642-4416-8E65-984A54E361B7}.Debug|Any CPU.Build.0 = Debug|Any CPU
		{F10A4729-F642-4416-8E65-984A54E361B7}.Release|Any CPU.ActiveCfg = Release|Any CPU
		{F10A4729-F642-4416-8E65-984A54E361B7}.Release|Any CPU.Build.0 = Release|Any CPU
		{C65582CB-A03C-4BE0-83AB-273FA89A855A}.Debug|Any CPU.ActiveCfg = Debug|Any CPU
		{C65582CB-A03C-4BE0-83AB-273FA89A855A}.Debug|Any CPU.Build.0 = Debug|Any CPU
		{C65582CB-A03C-4BE0-83AB-273FA89A855A}.Release|Any CPU.ActiveCfg = Release|Any CPU
		{C65582CB-A03C-4BE0-83AB-273FA89A855A}.Release|Any CPU.Build.0 = Release|Any CPU
		{C4B36659-F47F-478C-9BE2-15A631EB866C}.Debug|Any CPU.ActiveCfg = Debug|Any CPU
		{C4B36659-F47F-478C-9BE2-15A631EB866C}.Debug|Any CPU.Build.0 = Debug|Any CPU
		{C4B36659-F47F-478C-9BE2-15A631EB866C}.Release|Any CPU.ActiveCfg = Release|Any CPU
		{C4B36659-F47F-478C-9BE2-15A631EB866C}.Release|Any CPU.Build.0 = Release|Any CPU
		{F5CC2C1A-C49E-44D4-856A-EB8646D4FD85}.Debug|Any CPU.ActiveCfg = Debug|Any CPU
		{F5CC2C1A-C49E-44D4-856A-EB8646D4FD85}.Debug|Any CPU.Build.0 = Debug|Any CPU
		{F5CC2C1A-C49E-44D4-856A-EB8646D4FD85}.Release|Any CPU.ActiveCfg = Release|Any CPU
		{F5CC2C1A-C49E-44D4-856A-EB8646D4FD85}.Release|Any CPU.Build.0 = Release|Any CPU
		{36B7CA84-FF1A-4CAB-93B2-2121460DFA92}.Debug|Any CPU.ActiveCfg = Debug|Any CPU
		{36B7CA84-FF1A-4CAB-93B2-2121460DFA92}.Debug|Any CPU.Build.0 = Debug|Any CPU
		{36B7CA84-FF1A-4CAB-93B2-2121460DFA92}.Release|Any CPU.ActiveCfg = Release|Any CPU
		{36B7CA84-FF1A-4CAB-93B2-2121460DFA92}.Release|Any CPU.Build.0 = Release|Any CPU
		{269AA857-6F57-451E-8A00-5C9A86C0365F}.Debug|Any CPU.ActiveCfg = Debug|Any CPU
		{269AA857-6F57-451E-8A00-5C9A86C0365F}.Debug|Any CPU.Build.0 = Debug|Any CPU
		{269AA857-6F57-451E-8A00-5C9A86C0365F}.Release|Any CPU.ActiveCfg = Release|Any CPU
		{269AA857-6F57-451E-8A00-5C9A86C0365F}.Release|Any CPU.Build.0 = Release|Any CPU
		{8EDF4429-251A-416D-BB68-93F227191BCF}.Debug|Any CPU.ActiveCfg = Debug|Any CPU
		{8EDF4429-251A-416D-BB68-93F227191BCF}.Debug|Any CPU.Build.0 = Debug|Any CPU
		{8EDF4429-251A-416D-BB68-93F227191BCF}.Release|Any CPU.ActiveCfg = Release|Any CPU
		{8EDF4429-251A-416D-BB68-93F227191BCF}.Release|Any CPU.Build.0 = Release|Any CPU
		{735D4CDB-8B2D-4EEB-B609-CE4CBEBFF302}.Debug|Any CPU.ActiveCfg = Debug|Any CPU
		{735D4CDB-8B2D-4EEB-B609-CE4CBEBFF302}.Debug|Any CPU.Build.0 = Debug|Any CPU
		{735D4CDB-8B2D-4EEB-B609-CE4CBEBFF302}.Release|Any CPU.ActiveCfg = Release|Any CPU
		{735D4CDB-8B2D-4EEB-B609-CE4CBEBFF302}.Release|Any CPU.Build.0 = Release|Any CPU
		{6A7CFBA2-41DD-41C0-B222-B0F496E8C797}.Debug|Any CPU.ActiveCfg = Debug|Any CPU
		{6A7CFBA2-41DD-41C0-B222-B0F496E8C797}.Debug|Any CPU.Build.0 = Debug|Any CPU
		{6A7CFBA2-41DD-41C0-B222-B0F496E8C797}.Release|Any CPU.ActiveCfg = Release|Any CPU
		{6A7CFBA2-41DD-41C0-B222-B0F496E8C797}.Release|Any CPU.Build.0 = Release|Any CPU
		{F536A7BF-2109-4B48-90E5-06E035CC7D42}.Debug|Any CPU.ActiveCfg = Debug|Any CPU
		{F536A7BF-2109-4B48-90E5-06E035CC7D42}.Debug|Any CPU.Build.0 = Debug|Any CPU
		{F536A7BF-2109-4B48-90E5-06E035CC7D42}.Release|Any CPU.ActiveCfg = Release|Any CPU
		{F536A7BF-2109-4B48-90E5-06E035CC7D42}.Release|Any CPU.Build.0 = Release|Any CPU
		{786C5536-C235-4355-8D4A-B5BAB479762C}.Debug|Any CPU.ActiveCfg = Debug|Any CPU
		{786C5536-C235-4355-8D4A-B5BAB479762C}.Debug|Any CPU.Build.0 = Debug|Any CPU
		{786C5536-C235-4355-8D4A-B5BAB479762C}.Release|Any CPU.ActiveCfg = Release|Any CPU
		{786C5536-C235-4355-8D4A-B5BAB479762C}.Release|Any CPU.Build.0 = Release|Any CPU
		{28798583-EF76-443C-B8C3-E951048D349C}.Debug|Any CPU.ActiveCfg = Debug|Any CPU
		{28798583-EF76-443C-B8C3-E951048D349C}.Debug|Any CPU.Build.0 = Debug|Any CPU
		{28798583-EF76-443C-B8C3-E951048D349C}.Release|Any CPU.ActiveCfg = Release|Any CPU
		{28798583-EF76-443C-B8C3-E951048D349C}.Release|Any CPU.Build.0 = Release|Any CPU
		{BCEA6067-6BA2-47AE-869A-362507935865}.Debug|Any CPU.ActiveCfg = Debug|Any CPU
		{BCEA6067-6BA2-47AE-869A-362507935865}.Debug|Any CPU.Build.0 = Debug|Any CPU
		{BCEA6067-6BA2-47AE-869A-362507935865}.Release|Any CPU.ActiveCfg = Release|Any CPU
		{BCEA6067-6BA2-47AE-869A-362507935865}.Release|Any CPU.Build.0 = Release|Any CPU
		{D79243CA-1165-48DB-B09E-CA8B17BAE5BE}.Debug|Any CPU.ActiveCfg = Debug|Any CPU
		{D79243CA-1165-48DB-B09E-CA8B17BAE5BE}.Debug|Any CPU.Build.0 = Debug|Any CPU
		{D79243CA-1165-48DB-B09E-CA8B17BAE5BE}.Release|Any CPU.ActiveCfg = Release|Any CPU
		{D79243CA-1165-48DB-B09E-CA8B17BAE5BE}.Release|Any CPU.Build.0 = Release|Any CPU
		{1D79F8D9-2A6C-4421-9D8E-90C9321A7F9E}.Debug|Any CPU.ActiveCfg = Debug|Any CPU
		{1D79F8D9-2A6C-4421-9D8E-90C9321A7F9E}.Debug|Any CPU.Build.0 = Debug|Any CPU
		{1D79F8D9-2A6C-4421-9D8E-90C9321A7F9E}.Release|Any CPU.ActiveCfg = Release|Any CPU
		{1D79F8D9-2A6C-4421-9D8E-90C9321A7F9E}.Release|Any CPU.Build.0 = Release|Any CPU
		{E1818DA8-6345-495B-ABF3-357BFBC4BFE3}.Debug|Any CPU.ActiveCfg = Debug|Any CPU
		{E1818DA8-6345-495B-ABF3-357BFBC4BFE3}.Debug|Any CPU.Build.0 = Debug|Any CPU
		{E1818DA8-6345-495B-ABF3-357BFBC4BFE3}.Release|Any CPU.ActiveCfg = Release|Any CPU
		{E1818DA8-6345-495B-ABF3-357BFBC4BFE3}.Release|Any CPU.Build.0 = Release|Any CPU
		{53A0DF15-6236-4D9A-A8EE-0513A8298BD0}.Debug|Any CPU.ActiveCfg = Debug|Any CPU
		{53A0DF15-6236-4D9A-A8EE-0513A8298BD0}.Debug|Any CPU.Build.0 = Debug|Any CPU
		{53A0DF15-6236-4D9A-A8EE-0513A8298BD0}.Release|Any CPU.ActiveCfg = Release|Any CPU
		{53A0DF15-6236-4D9A-A8EE-0513A8298BD0}.Release|Any CPU.Build.0 = Release|Any CPU
		{BBE40AA6-E3A9-4AEC-8FD0-6C2C7F414739}.Debug|Any CPU.ActiveCfg = Debug|Any CPU
		{BBE40AA6-E3A9-4AEC-8FD0-6C2C7F414739}.Debug|Any CPU.Build.0 = Debug|Any CPU
		{BBE40AA6-E3A9-4AEC-8FD0-6C2C7F414739}.Release|Any CPU.ActiveCfg = Release|Any CPU
		{BBE40AA6-E3A9-4AEC-8FD0-6C2C7F414739}.Release|Any CPU.Build.0 = Release|Any CPU
		{44FF0C2F-7EB6-41D7-BE98-FA430AFEA4EF}.Debug|Any CPU.ActiveCfg = Debug|Any CPU
		{44FF0C2F-7EB6-41D7-BE98-FA430AFEA4EF}.Debug|Any CPU.Build.0 = Debug|Any CPU
		{44FF0C2F-7EB6-41D7-BE98-FA430AFEA4EF}.Release|Any CPU.ActiveCfg = Release|Any CPU
		{44FF0C2F-7EB6-41D7-BE98-FA430AFEA4EF}.Release|Any CPU.Build.0 = Release|Any CPU
		{5719EDE3-8D5A-43A5-8FB2-109ED22F6F3D}.Debug|Any CPU.ActiveCfg = Debug|Any CPU
		{5719EDE3-8D5A-43A5-8FB2-109ED22F6F3D}.Debug|Any CPU.Build.0 = Debug|Any CPU
		{5719EDE3-8D5A-43A5-8FB2-109ED22F6F3D}.Release|Any CPU.ActiveCfg = Release|Any CPU
		{5719EDE3-8D5A-43A5-8FB2-109ED22F6F3D}.Release|Any CPU.Build.0 = Release|Any CPU
		{7CE3DD94-3480-40D9-9A56-936F8D4B5703}.Debug|Any CPU.ActiveCfg = Debug|Any CPU
		{7CE3DD94-3480-40D9-9A56-936F8D4B5703}.Debug|Any CPU.Build.0 = Debug|Any CPU
		{7CE3DD94-3480-40D9-9A56-936F8D4B5703}.Release|Any CPU.ActiveCfg = Release|Any CPU
		{7CE3DD94-3480-40D9-9A56-936F8D4B5703}.Release|Any CPU.Build.0 = Release|Any CPU
		{3822DEB3-C4C1-48FE-87CA-D8FBF251A7AC}.Debug|Any CPU.ActiveCfg = Debug|Any CPU
		{3822DEB3-C4C1-48FE-87CA-D8FBF251A7AC}.Debug|Any CPU.Build.0 = Debug|Any CPU
		{3822DEB3-C4C1-48FE-87CA-D8FBF251A7AC}.Release|Any CPU.ActiveCfg = Release|Any CPU
		{3822DEB3-C4C1-48FE-87CA-D8FBF251A7AC}.Release|Any CPU.Build.0 = Release|Any CPU
		{2C6BBA74-0554-44B3-B2DB-5578FA6E9BAD}.Debug|Any CPU.ActiveCfg = Debug|Any CPU
		{2C6BBA74-0554-44B3-B2DB-5578FA6E9BAD}.Debug|Any CPU.Build.0 = Debug|Any CPU
		{2C6BBA74-0554-44B3-B2DB-5578FA6E9BAD}.Release|Any CPU.ActiveCfg = Release|Any CPU
		{2C6BBA74-0554-44B3-B2DB-5578FA6E9BAD}.Release|Any CPU.Build.0 = Release|Any CPU
		{181FE707-E161-4722-9F38-6AAAB6FAA106}.Debug|Any CPU.ActiveCfg = Debug|Any CPU
		{181FE707-E161-4722-9F38-6AAAB6FAA106}.Debug|Any CPU.Build.0 = Debug|Any CPU
		{181FE707-E161-4722-9F38-6AAAB6FAA106}.Release|Any CPU.ActiveCfg = Release|Any CPU
		{181FE707-E161-4722-9F38-6AAAB6FAA106}.Release|Any CPU.Build.0 = Release|Any CPU
		{E187C524-B18A-4C4C-A7A8-9994BE52647D}.Debug|Any CPU.ActiveCfg = Debug|Any CPU
		{E187C524-B18A-4C4C-A7A8-9994BE52647D}.Debug|Any CPU.Build.0 = Debug|Any CPU
		{E187C524-B18A-4C4C-A7A8-9994BE52647D}.Release|Any CPU.ActiveCfg = Release|Any CPU
		{E187C524-B18A-4C4C-A7A8-9994BE52647D}.Release|Any CPU.Build.0 = Release|Any CPU
		{26F82092-FF7B-4348-98A7-0D488A9A5A38}.Debug|Any CPU.ActiveCfg = Debug|Any CPU
		{26F82092-FF7B-4348-98A7-0D488A9A5A38}.Debug|Any CPU.Build.0 = Debug|Any CPU
		{26F82092-FF7B-4348-98A7-0D488A9A5A38}.Release|Any CPU.ActiveCfg = Release|Any CPU
		{26F82092-FF7B-4348-98A7-0D488A9A5A38}.Release|Any CPU.Build.0 = Release|Any CPU
		{3CCB345F-DDF2-4AD4-83C0-288DB2BF6610}.Debug|Any CPU.ActiveCfg = Debug|Any CPU
		{3CCB345F-DDF2-4AD4-83C0-288DB2BF6610}.Debug|Any CPU.Build.0 = Debug|Any CPU
		{3CCB345F-DDF2-4AD4-83C0-288DB2BF6610}.Release|Any CPU.ActiveCfg = Release|Any CPU
		{3CCB345F-DDF2-4AD4-83C0-288DB2BF6610}.Release|Any CPU.Build.0 = Release|Any CPU
		{B7657694-5324-4880-8540-920E72467E15}.Debug|Any CPU.ActiveCfg = Debug|Any CPU
		{B7657694-5324-4880-8540-920E72467E15}.Debug|Any CPU.Build.0 = Debug|Any CPU
		{B7657694-5324-4880-8540-920E72467E15}.Release|Any CPU.ActiveCfg = Release|Any CPU
		{B7657694-5324-4880-8540-920E72467E15}.Release|Any CPU.Build.0 = Release|Any CPU
	EndGlobalSection
	GlobalSection(SolutionProperties) = preSolution
		HideSolutionNode = FALSE
	EndGlobalSection
	GlobalSection(NestedProjects) = preSolution
		{8A74E4EA-0EE6-49D8-A4A7-41E269A74916} = {329FA697-5A9D-4E9C-8447-7061913A7B6B}
		{06FA7853-B118-4873-8CFA-DF251B276003} = {329FA697-5A9D-4E9C-8447-7061913A7B6B}
		{7EC16D10-1369-4E2E-8DC9-35CFE4A125D8} = {AE2FE85B-A1EE-4340-91BF-D29FC744F0DF}
		{92C213FE-9DF8-4BA9-BDAF-68CBDC78C700} = {AE2FE85B-A1EE-4340-91BF-D29FC744F0DF}
		{F10A4729-F642-4416-8E65-984A54E361B7} = {AE2FE85B-A1EE-4340-91BF-D29FC744F0DF}
		{C65582CB-A03C-4BE0-83AB-273FA89A855A} = {AE2FE85B-A1EE-4340-91BF-D29FC744F0DF}
		{C4B36659-F47F-478C-9BE2-15A631EB866C} = {AE2FE85B-A1EE-4340-91BF-D29FC744F0DF}
		{F5CC2C1A-C49E-44D4-856A-EB8646D4FD85} = {AE2FE85B-A1EE-4340-91BF-D29FC744F0DF}
		{36B7CA84-FF1A-4CAB-93B2-2121460DFA92} = {AE2FE85B-A1EE-4340-91BF-D29FC744F0DF}
		{269AA857-6F57-451E-8A00-5C9A86C0365F} = {AE2FE85B-A1EE-4340-91BF-D29FC744F0DF}
		{8EDF4429-251A-416D-BB68-93F227191BCF} = {193F806B-CED3-4FF2-88C1-F043665A2454}
		{735D4CDB-8B2D-4EEB-B609-CE4CBEBFF302} = {193F806B-CED3-4FF2-88C1-F043665A2454}
		{6A7CFBA2-41DD-41C0-B222-B0F496E8C797} = {AE2FE85B-A1EE-4340-91BF-D29FC744F0DF}
		{F536A7BF-2109-4B48-90E5-06E035CC7D42} = {193F806B-CED3-4FF2-88C1-F043665A2454}
		{786C5536-C235-4355-8D4A-B5BAB479762C} = {329FA697-5A9D-4E9C-8447-7061913A7B6B}
		{28798583-EF76-443C-B8C3-E951048D349C} = {193F806B-CED3-4FF2-88C1-F043665A2454}
		{BCEA6067-6BA2-47AE-869A-362507935865} = {AE2FE85B-A1EE-4340-91BF-D29FC744F0DF}
		{D79243CA-1165-48DB-B09E-CA8B17BAE5BE} = {193F806B-CED3-4FF2-88C1-F043665A2454}
		{1D79F8D9-2A6C-4421-9D8E-90C9321A7F9E} = {193F806B-CED3-4FF2-88C1-F043665A2454}
		{E1818DA8-6345-495B-ABF3-357BFBC4BFE3} = {193F806B-CED3-4FF2-88C1-F043665A2454}
		{53A0DF15-6236-4D9A-A8EE-0513A8298BD0} = {193F806B-CED3-4FF2-88C1-F043665A2454}
		{BBE40AA6-E3A9-4AEC-8FD0-6C2C7F414739} = {193F806B-CED3-4FF2-88C1-F043665A2454}
		{44FF0C2F-7EB6-41D7-BE98-FA430AFEA4EF} = {193F806B-CED3-4FF2-88C1-F043665A2454}
		{5719EDE3-8D5A-43A5-8FB2-109ED22F6F3D} = {193F806B-CED3-4FF2-88C1-F043665A2454}
		{7CE3DD94-3480-40D9-9A56-936F8D4B5703} = {193F806B-CED3-4FF2-88C1-F043665A2454}
		{3822DEB3-C4C1-48FE-87CA-D8FBF251A7AC} = {193F806B-CED3-4FF2-88C1-F043665A2454}
		{2C6BBA74-0554-44B3-B2DB-5578FA6E9BAD} = {EA07A3E5-3B2B-4803-9E53-E82617812A26}
		{181FE707-E161-4722-9F38-6AAAB6FAA106} = {EA07A3E5-3B2B-4803-9E53-E82617812A26}
		{E187C524-B18A-4C4C-A7A8-9994BE52647D} = {EA07A3E5-3B2B-4803-9E53-E82617812A26}
		{26F82092-FF7B-4348-98A7-0D488A9A5A38} = {193F806B-CED3-4FF2-88C1-F043665A2454}
		{3CCB345F-DDF2-4AD4-83C0-288DB2BF6610} = {193F806B-CED3-4FF2-88C1-F043665A2454}
		{B7657694-5324-4880-8540-920E72467E15} = {193F806B-CED3-4FF2-88C1-F043665A2454}
	EndGlobalSection
	GlobalSection(ExtensibilityGlobals) = postSolution
		SolutionGuid = {EB25A0FB-6F55-4E56-AF88-7510D3C8D58D}
	EndGlobalSection
EndGlobal
