
Microsoft Visual Studio Solution File, Format Version 12.00
# Visual Studio 15
VisualStudioVersion = 15.0.27130.2027
MinimumVisualStudioVersion = 10.0.40219.1
Project("{2150E333-8FDC-42A3-9474-1A3956D46DE8}") = "Foundation", "Foundation", "{AE2FE85B-A1EE-4340-91BF-D29FC744F0DF}"
EndProject
Project("{2150E333-8FDC-42A3-9474-1A3956D46DE8}") = "APP", "APP", "{329FA697-5A9D-4E9C-8447-7061913A7B6B}"
EndProject
Project("{2150E333-8FDC-42A3-9474-1A3956D46DE8}") = "Framework", "Framework", "{193F806B-CED3-4FF2-88C1-F043665A2454}"
EndProject
Project("{9A19103F-16F7-4668-BE54-9A1E7A4F7556}") = "Test", "APP\Test\Test.csproj", "{8A74E4EA-0EE6-49D8-A4A7-41E269A74916}"
EndProject
Project("{FAE04EC0-301F-11D3-BF4B-00C04F79EFBC}") = "Test_Framework", "APP\Test_Framework\Test_Framework.csproj", "{06FA7853-B118-4873-8CFA-DF251B276003}"
EndProject
Project("{9A19103F-16F7-4668-BE54-9A1E7A4F7556}") = "Mini.Foundation.Basic", "Foundation\Mini.Foundation.Basic\Mini.Foundation.Basic.csproj", "{7EC16D10-1369-4E2E-8DC9-35CFE4A125D8}"
EndProject
Project("{9A19103F-16F7-4668-BE54-9A1E7A4F7556}") = "Mini.Foundation.IOC", "Foundation\Mini.Foundation.IOC\Mini.Foundation.IOC.csproj", "{92C213FE-9DF8-4BA9-BDAF-68CBDC78C700}"
EndProject
Project("{9A19103F-16F7-4668-BE54-9A1E7A4F7556}") = "Mini.Foundation.TraceService", "Foundation\Mini.Foundation.TraceService\Mini.Foundation.TraceService.csproj", "{F10A4729-F642-4416-8E65-984A54E361B7}"
EndProject
Project("{9A19103F-16F7-4668-BE54-9A1E7A4F7556}") = "Mini.Foundation.Json", "Foundation\Mini.Foundation.Json\Mini.Foundation.Json.csproj", "{C65582CB-A03C-4BE0-83AB-273FA89A855A}"
EndProject
Project("{FAE04EC0-301F-11D3-BF4B-00C04F79EFBC}") = "Mini.Foundation.Test", "Foundation\Mini.Foundation.Test\Mini.Foundation.Test.csproj", "{C4B36659-F47F-478C-9BE2-15A631EB866C}"
EndProject
Project("{9A19103F-16F7-4668-BE54-9A1E7A4F7556}") = "Mini.Foundation.LogService", "Foundation\Mini.Foundation.LogService\Mini.Foundation.LogService.csproj", "{F5CC2C1A-C49E-44D4-856A-EB8646D4FD85}"
EndProject
Project("{9A19103F-16F7-4668-BE54-9A1E7A4F7556}") = "Mini.Foundation.Office", "Foundation\Mini.Foundation.Office\Mini.Foundation.Office.csproj", "{36B7CA84-FF1A-4CAB-93B2-2121460DFA92}"
EndProject
Project("{9A19103F-16F7-4668-BE54-9A1E7A4F7556}") = "Mini.Foundation.Basic.Test", "Foundation\Mini.Foundation.Basic.Test\Mini.Foundation.Basic.Test.csproj", "{269AA857-6F57-451E-8A00-5C9A86C0365F}"
EndProject
Project("{FAE04EC0-301F-11D3-BF4B-00C04F79EFBC}") = "Mini.Framework.Database.Test", "Framework\Mini.Framework.Database.Test\Mini.Framework.Database.Test.csproj", "{8EDF4429-251A-416D-BB68-93F227191BCF}"
EndProject
Project("{9A19103F-16F7-4668-BE54-9A1E7A4F7556}") = "Mini.Framework.Database", "Framework\Mini.Framework.Database\Mini.Framework.Database.csproj", "{735D4CDB-8B2D-4EEB-B609-CE4CBEBFF302}"
EndProject
Project("{FAE04EC0-301F-11D3-BF4B-00C04F79EFBC}") = "Mini.Foundation.Office.Test", "Foundation\Mini.Foundation.Office.Test\Mini.Foundation.Office.Test.csproj", "{6A7CFBA2-41DD-41C0-B222-B0F496E8C797}"
EndProject
Project("{9A19103F-16F7-4668-BE54-9A1E7A4F7556}") = "Mini.Framework.WebUploader", "Framework\Mini.Framework.WebUploader\Mini.Framework.WebUploader.csproj", "{F536A7BF-2109-4B48-90E5-06E035CC7D42}"
EndProject
Project("{FAE04EC0-301F-11D3-BF4B-00C04F79EFBC}") = "Test.Win", "APP\Test.Win\Test.Win.csproj", "{786C5536-C235-4355-8D4A-B5BAB479762C}"
EndProject
Project("{FAE04EC0-301F-11D3-BF4B-00C04F79EFBC}") = "Mini.Framework.WebUploader.Test", "Framework\Mini.Framework.WebUploader.Test\Mini.Framework.WebUploader.Test.csproj", "{28798583-EF76-443C-B8C3-E951048D349C}"
EndProject
Project("{FAE04EC0-301F-11D3-BF4B-00C04F79EFBC}") = "Mini.Foundation.Json.Test", "Framework\Mini.Foundation.Json.Test\Mini.Foundation.Json.Test.csproj", "{BCEA6067-6BA2-47AE-869A-362507935865}"
EndProject
Project("{FAE04EC0-301F-11D3-BF4B-00C04F79EFBC}") = "Mini.Framework.EFCommon", "Framework\Mini.Framework.EFCommon\Mini.Framework.EFCommon.csproj", "{D79243CA-1165-48DB-B09E-CA8B17BAE5BE}"
EndProject
Global
	GlobalSection(SolutionConfigurationPlatforms) = preSolution
		Debug|Any CPU = Debug|Any CPU
		Release|Any CPU = Release|Any CPU
	EndGlobalSection
	GlobalSection(ProjectConfigurationPlatforms) = postSolution
		{8A74E4EA-0EE6-49D8-A4A7-41E269A74916}.Debug|Any CPU.ActiveCfg = Debug|Any CPU
		{8A74E4EA-0EE6-49D8-A4A7-41E269A74916}.Debug|Any CPU.Build.0 = Debug|Any CPU
		{8A74E4EA-0EE6-49D8-A4A7-41E269A74916}.Release|Any CPU.ActiveCfg = Release|Any CPU
		{8A74E4EA-0EE6-49D8-A4A7-41E269A74916}.Release|Any CPU.Build.0 = Release|Any CPU
		{06FA7853-B118-4873-8CFA-DF251B276003}.Debug|Any CPU.ActiveCfg = Debug|Any CPU
		{06FA7853-B118-4873-8CFA-DF251B276003}.Debug|Any CPU.Build.0 = Debug|Any CPU
		{06FA7853-B118-4873-8CFA-DF251B276003}.Release|Any CPU.ActiveCfg = Release|Any CPU
		{06FA7853-B118-4873-8CFA-DF251B276003}.Release|Any CPU.Build.0 = Release|Any CPU
		{7EC16D10-1369-4E2E-8DC9-35CFE4A125D8}.Debug|Any CPU.ActiveCfg = Debug|Any CPU
		{7EC16D10-1369-4E2E-8DC9-35CFE4A125D8}.Debug|Any CPU.Build.0 = Debug|Any CPU
		{7EC16D10-1369-4E2E-8DC9-35CFE4A125D8}.Release|Any CPU.ActiveCfg = Release|Any CPU
		{7EC16D10-1369-4E2E-8DC9-35CFE4A125D8}.Release|Any CPU.Build.0 = Release|Any CPU
		{92C213FE-9DF8-4BA9-BDAF-68CBDC78C700}.Debug|Any CPU.ActiveCfg = Debug|Any CPU
		{92C213FE-9DF8-4BA9-BDAF-68CBDC78C700}.Debug|Any CPU.Build.0 = Debug|Any CPU
		{92C213FE-9DF8-4BA9-BDAF-68CBDC78C700}.Release|Any CPU.ActiveCfg = Release|Any CPU
		{92C213FE-9DF8-4BA9-BDAF-68CBDC78C700}.Release|Any CPU.Build.0 = Release|Any CPU
		{F10A4729-F642-4416-8E65-984A54E361B7}.Debug|Any CPU.ActiveCfg = Debug|Any CPU
		{F10A4729-F642-4416-8E65-984A54E361B7}.Debug|Any CPU.Build.0 = Debug|Any CPU
		{F10A4729-F642-4416-8E65-984A54E361B7}.Release|Any CPU.ActiveCfg = Release|Any CPU
		{F10A4729-F642-4416-8E65-984A54E361B7}.Release|Any CPU.Build.0 = Release|Any CPU
		{C65582CB-A03C-4BE0-83AB-273FA89A855A}.Debug|Any CPU.ActiveCfg = Debug|Any CPU
		{C65582CB-A03C-4BE0-83AB-273FA89A855A}.Debug|Any CPU.Build.0 = Debug|Any CPU
		{C65582CB-A03C-4BE0-83AB-273FA89A855A}.Release|Any CPU.ActiveCfg = Release|Any CPU
		{C65582CB-A03C-4BE0-83AB-273FA89A855A}.Release|Any CPU.Build.0 = Release|Any CPU
		{C4B36659-F47F-478C-9BE2-15A631EB866C}.Debug|Any CPU.ActiveCfg = Debug|Any CPU
		{C4B36659-F47F-478C-9BE2-15A631EB866C}.Debug|Any CPU.Build.0 = Debug|Any CPU
		{C4B36659-F47F-478C-9BE2-15A631EB866C}.Release|Any CPU.ActiveCfg = Release|Any CPU
		{C4B36659-F47F-478C-9BE2-15A631EB866C}.Release|Any CPU.Build.0 = Release|Any CPU
		{F5CC2C1A-C49E-44D4-856A-EB8646D4FD85}.Debug|Any CPU.ActiveCfg = Debug|Any CPU
		{F5CC2C1A-C49E-44D4-856A-EB8646D4FD85}.Debug|Any CPU.Build.0 = Debug|Any CPU
		{F5CC2C1A-C49E-44D4-856A-EB8646D4FD85}.Release|Any CPU.ActiveCfg = Release|Any CPU
		{F5CC2C1A-C49E-44D4-856A-EB8646D4FD85}.Release|Any CPU.Build.0 = Release|Any CPU
		{36B7CA84-FF1A-4CAB-93B2-2121460DFA92}.Debug|Any CPU.ActiveCfg = Debug|Any CPU
		{36B7CA84-FF1A-4CAB-93B2-2121460DFA92}.Debug|Any CPU.Build.0 = Debug|Any CPU
		{36B7CA84-FF1A-4CAB-93B2-2121460DFA92}.Release|Any CPU.ActiveCfg = Release|Any CPU
		{36B7CA84-FF1A-4CAB-93B2-2121460DFA92}.Release|Any CPU.Build.0 = Release|Any CPU
		{269AA857-6F57-451E-8A00-5C9A86C0365F}.Debug|Any CPU.ActiveCfg = Debug|Any CPU
		{269AA857-6F57-451E-8A00-5C9A86C0365F}.Debug|Any CPU.Build.0 = Debug|Any CPU
		{269AA857-6F57-451E-8A00-5C9A86C0365F}.Release|Any CPU.ActiveCfg = Release|Any CPU
		{269AA857-6F57-451E-8A00-5C9A86C0365F}.Release|Any CPU.Build.0 = Release|Any CPU
		{8EDF4429-251A-416D-BB68-93F227191BCF}.Debug|Any CPU.ActiveCfg = Debug|Any CPU
		{8EDF4429-251A-416D-BB68-93F227191BCF}.Debug|Any CPU.Build.0 = Debug|Any CPU
		{8EDF4429-251A-416D-BB68-93F227191BCF}.Release|Any CPU.ActiveCfg = Release|Any CPU
		{8EDF4429-251A-416D-BB68-93F227191BCF}.Release|Any CPU.Build.0 = Release|Any CPU
		{735D4CDB-8B2D-4EEB-B609-CE4CBEBFF302}.Debug|Any CPU.ActiveCfg = Debug|Any CPU
		{735D4CDB-8B2D-4EEB-B609-CE4CBEBFF302}.Debug|Any CPU.Build.0 = Debug|Any CPU
		{735D4CDB-8B2D-4EEB-B609-CE4CBEBFF302}.Release|Any CPU.ActiveCfg = Release|Any CPU
		{735D4CDB-8B2D-4EEB-B609-CE4CBEBFF302}.Release|Any CPU.Build.0 = Release|Any CPU
		{6A7CFBA2-41DD-41C0-B222-B0F496E8C797}.Debug|Any CPU.ActiveCfg = Debug|Any CPU
		{6A7CFBA2-41DD-41C0-B222-B0F496E8C797}.Debug|Any CPU.Build.0 = Debug|Any CPU
		{6A7CFBA2-41DD-41C0-B222-B0F496E8C797}.Release|Any CPU.ActiveCfg = Release|Any CPU
		{6A7CFBA2-41DD-41C0-B222-B0F496E8C797}.Release|Any CPU.Build.0 = Release|Any CPU
		{F536A7BF-2109-4B48-90E5-06E035CC7D42}.Debug|Any CPU.ActiveCfg = Debug|Any CPU
		{F536A7BF-2109-4B48-90E5-06E035CC7D42}.Debug|Any CPU.Build.0 = Debug|Any CPU
		{F536A7BF-2109-4B48-90E5-06E035CC7D42}.Release|Any CPU.ActiveCfg = Release|Any CPU
		{F536A7BF-2109-4B48-90E5-06E035CC7D42}.Release|Any CPU.Build.0 = Release|Any CPU
		{786C5536-C235-4355-8D4A-B5BAB479762C}.Debug|Any CPU.ActiveCfg = Debug|Any CPU
		{786C5536-C235-4355-8D4A-B5BAB479762C}.Debug|Any CPU.Build.0 = Debug|Any CPU
		{786C5536-C235-4355-8D4A-B5BAB479762C}.Release|Any CPU.ActiveCfg = Release|Any CPU
		{786C5536-C235-4355-8D4A-B5BAB479762C}.Release|Any CPU.Build.0 = Release|Any CPU
		{28798583-EF76-443C-B8C3-E951048D349C}.Debug|Any CPU.ActiveCfg = Debug|Any CPU
		{28798583-EF76-443C-B8C3-E951048D349C}.Debug|Any CPU.Build.0 = Debug|Any CPU
		{28798583-EF76-443C-B8C3-E951048D349C}.Release|Any CPU.ActiveCfg = Release|Any CPU
		{28798583-EF76-443C-B8C3-E951048D349C}.Release|Any CPU.Build.0 = Release|Any CPU
		{BCEA6067-6BA2-47AE-869A-362507935865}.Debug|Any CPU.ActiveCfg = Debug|Any CPU
		{BCEA6067-6BA2-47AE-869A-362507935865}.Debug|Any CPU.Build.0 = Debug|Any CPU
		{BCEA6067-6BA2-47AE-869A-362507935865}.Release|Any CPU.ActiveCfg = Release|Any CPU
		{BCEA6067-6BA2-47AE-869A-362507935865}.Release|Any CPU.Build.0 = Release|Any CPU
		{D79243CA-1165-48DB-B09E-CA8B17BAE5BE}.Debug|Any CPU.ActiveCfg = Debug|Any CPU
		{D79243CA-1165-48DB-B09E-CA8B17BAE5BE}.Debug|Any CPU.Build.0 = Debug|Any CPU
		{D79243CA-1165-48DB-B09E-CA8B17BAE5BE}.Release|Any CPU.ActiveCfg = Release|Any CPU
		{D79243CA-1165-48DB-B09E-CA8B17BAE5BE}.Release|Any CPU.Build.0 = Release|Any CPU
	EndGlobalSection
	GlobalSection(SolutionProperties) = preSolution
		HideSolutionNode = FALSE
	EndGlobalSection
	GlobalSection(NestedProjects) = preSolution
		{8A74E4EA-0EE6-49D8-A4A7-41E269A74916} = {329FA697-5A9D-4E9C-8447-7061913A7B6B}
		{06FA7853-B118-4873-8CFA-DF251B276003} = {329FA697-5A9D-4E9C-8447-7061913A7B6B}
		{7EC16D10-1369-4E2E-8DC9-35CFE4A125D8} = {AE2FE85B-A1EE-4340-91BF-D29FC744F0DF}
		{92C213FE-9DF8-4BA9-BDAF-68CBDC78C700} = {AE2FE85B-A1EE-4340-91BF-D29FC744F0DF}
		{F10A4729-F642-4416-8E65-984A54E361B7} = {AE2FE85B-A1EE-4340-91BF-D29FC744F0DF}
		{C65582CB-A03C-4BE0-83AB-273FA89A855A} = {AE2FE85B-A1EE-4340-91BF-D29FC744F0DF}
		{C4B36659-F47F-478C-9BE2-15A631EB866C} = {AE2FE85B-A1EE-4340-91BF-D29FC744F0DF}
		{F5CC2C1A-C49E-44D4-856A-EB8646D4FD85} = {AE2FE85B-A1EE-4340-91BF-D29FC744F0DF}
		{36B7CA84-FF1A-4CAB-93B2-2121460DFA92} = {AE2FE85B-A1EE-4340-91BF-D29FC744F0DF}
		{269AA857-6F57-451E-8A00-5C9A86C0365F} = {AE2FE85B-A1EE-4340-91BF-D29FC744F0DF}
		{8EDF4429-251A-416D-BB68-93F227191BCF} = {193F806B-CED3-4FF2-88C1-F043665A2454}
		{735D4CDB-8B2D-4EEB-B609-CE4CBEBFF302} = {193F806B-CED3-4FF2-88C1-F043665A2454}
		{6A7CFBA2-41DD-41C0-B222-B0F496E8C797} = {AE2FE85B-A1EE-4340-91BF-D29FC744F0DF}
		{F536A7BF-2109-4B48-90E5-06E035CC7D42} = {193F806B-CED3-4FF2-88C1-F043665A2454}
		{786C5536-C235-4355-8D4A-B5BAB479762C} = {329FA697-5A9D-4E9C-8447-7061913A7B6B}
		{28798583-EF76-443C-B8C3-E951048D349C} = {193F806B-CED3-4FF2-88C1-F043665A2454}
		{BCEA6067-6BA2-47AE-869A-362507935865} = {AE2FE85B-A1EE-4340-91BF-D29FC744F0DF}
		{D79243CA-1165-48DB-B09E-CA8B17BAE5BE} = {193F806B-CED3-4FF2-88C1-F043665A2454}
	EndGlobalSection
	GlobalSection(ExtensibilityGlobals) = postSolution
		SolutionGuid = {EB25A0FB-6F55-4E56-AF88-7510D3C8D58D}
	EndGlobalSection
EndGlobal
